
Microsoft Visual Studio Solution File, Format Version 12.00
# Visual Studio Version 16
VisualStudioVersion = 16.0.30621.155
MinimumVisualStudioVersion = 10.0.40219.1
Project("{FAE04EC0-301F-11D3-BF4B-00C04F79EFBC}") = "01_ThursdayChallenge", "UnitTestProject1\01_ThursdayChallenge.csproj", "{123F199F-1E44-4586-823A-1EE1D7AEBA7D}"
EndProject
Global
	GlobalSection(SolutionConfigurationPlatforms) = preSolution
		Debug|Any CPU = Debug|Any CPU
		Release|Any CPU = Release|Any CPU
	EndGlobalSection
	GlobalSection(ProjectConfigurationPlatforms) = postSolution
		{123F199F-1E44-4586-823A-1EE1D7AEBA7D}.Debug|Any CPU.ActiveCfg = Debug|Any CPU
		{123F199F-1E44-4586-823A-1EE1D7AEBA7D}.Debug|Any CPU.Build.0 = Debug|Any CPU
		{123F199F-1E44-4586-823A-1EE1D7AEBA7D}.Release|Any CPU.ActiveCfg = Release|Any CPU
		{123F199F-1E44-4586-823A-1EE1D7AEBA7D}.Release|Any CPU.Build.0 = Release|Any CPU
	EndGlobalSection
	GlobalSection(SolutionProperties) = preSolution
		HideSolutionNode = FALSE
	EndGlobalSection
	GlobalSection(ExtensibilityGlobals) = postSolution
		SolutionGuid = {B2E1909D-92EC-4A94-B50A-C5DDAD668000}
	EndGlobalSection
EndGlobal
